// !$*UTF8*$!
{
	archiveVersion = 1;
	classes = {
	};
	objectVersion = 46;
	objects = {

/* Begin PBXBuildFile section */
		51DF55FF17F7369C00492CE9 /* Foundation.framework in Frameworks */ = {isa = PBXBuildFile; fileRef = 51DF55FE17F7369C00492CE9 /* Foundation.framework */; };
		51DF560917F7369C00492CE9 /* jailb.mm in Sources */ = {isa = PBXBuildFile; fileRef = 51DF560817F7369C00492CE9 /* jailb.mm */; };
/* End PBXBuildFile section */

/* Begin PBXFileReference section */
		51DF55FB17F7369C00492CE9 /* jailb.dylib */ = {isa = PBXFileReference; explicitFileType = "compiled.mach-o.dylib"; includeInIndex = 0; path = jailb.dylib; sourceTree = BUILT_PRODUCTS_DIR; };
		51DF55FE17F7369C00492CE9 /* Foundation.framework */ = {isa = PBXFileReference; lastKnownFileType = wrapper.framework; name = Foundation.framework; path = System/Library/Frameworks/Foundation.framework; sourceTree = SDKROOT; };
		51DF560317F7369C00492CE9 /* control.txt */ = {isa = PBXFileReference; lastKnownFileType = text; name = control.txt; path = Package/DEBIAN/control.txt; sourceTree = "<group>"; };
		51DF560417F7369C00492CE9 /* control */ = {isa = PBXFileReference; lastKnownFileType = text; name = control; path = Package/DEBIAN/control; sourceTree = "<group>"; };
		51DF560617F7369C00492CE9 /* PackageVersion.plist */ = {isa = PBXFileReference; lastKnownFileType = text.plist.xml; path = PackageVersion.plist; sourceTree = "<group>"; };
		51DF560717F7369C00492CE9 /* jailb-Prefix.pch */ = {isa = PBXFileReference; lastKnownFileType = sourcecode.c.h; path = "jailb-Prefix.pch"; sourceTree = "<group>"; };
		51DF560817F7369C00492CE9 /* jailb.mm */ = {isa = PBXFileReference; lastKnownFileType = sourcecode.cpp.objcpp; path = jailb.mm; sourceTree = "<group>"; };
		51DF560D17F7369C00492CE9 /* jailb.plist */ = {isa = PBXFileReference; lastKnownFileType = text.plist.xml; name = jailb.plist; path = Package/Library/MobileSubstrate/DynamicLibraries/jailb.plist; sourceTree = "<group>"; };
/* End PBXFileReference section */

/* Begin PBXFrameworksBuildPhase section */
		51DF55F717F7369C00492CE9 /* Frameworks */ = {
			isa = PBXFrameworksBuildPhase;
			buildActionMask = 2147483647;
			files = (
				51DF55FF17F7369C00492CE9 /* Foundation.framework in Frameworks */,
			);
			runOnlyForDeploymentPostprocessing = 0;
		};
/* End PBXFrameworksBuildPhase section */

/* Begin PBXGroup section */
		51DF55F117F7369C00492CE9 = {
			isa = PBXGroup;
			children = (
				51DF560017F7369C00492CE9 /* jailb */,
				51DF55FD17F7369C00492CE9 /* Frameworks */,
				51DF55FC17F7369C00492CE9 /* Products */,
			);
			sourceTree = "<group>";
		};
		51DF55FC17F7369C00492CE9 /* Products */ = {
			isa = PBXGroup;
			children = (
				51DF55FB17F7369C00492CE9 /* jailb.dylib */,
			);
			name = Products;
			sourceTree = "<group>";
		};
		51DF55FD17F7369C00492CE9 /* Frameworks */ = {
			isa = PBXGroup;
			children = (
				51DF55FE17F7369C00492CE9 /* Foundation.framework */,
			);
			name = Frameworks;
			sourceTree = "<group>";
		};
		51DF560017F7369C00492CE9 /* jailb */ = {
			isa = PBXGroup;
			children = (
				51DF560817F7369C00492CE9 /* jailb.mm */,
				51DF560117F7369C00492CE9 /* Package */,
				51DF560517F7369C00492CE9 /* Supporting Files */,
			);
			path = jailb;
			sourceTree = "<group>";
		};
		51DF560117F7369C00492CE9 /* Package */ = {
			isa = PBXGroup;
			children = (
				51DF560217F7369C00492CE9 /* DEBIAN */,
				51DF560A17F7369C00492CE9 /* Library */,
			);
			name = Package;
			sourceTree = "<group>";
		};
		51DF560217F7369C00492CE9 /* DEBIAN */ = {
			isa = PBXGroup;
			children = (
				51DF560317F7369C00492CE9 /* control.txt */,
				51DF560417F7369C00492CE9 /* control */,
			);
			name = DEBIAN;
			sourceTree = "<group>";
		};
		51DF560517F7369C00492CE9 /* Supporting Files */ = {
			isa = PBXGroup;
			children = (
				51DF560617F7369C00492CE9 /* PackageVersion.plist */,
				51DF560717F7369C00492CE9 /* jailb-Prefix.pch */,
			);
			name = "Supporting Files";
			sourceTree = "<group>";
		};
		51DF560A17F7369C00492CE9 /* Library */ = {
			isa = PBXGroup;
			children = (
				51DF560B17F7369C00492CE9 /* MobileSubstrate */,
			);
			name = Library;
			sourceTree = "<group>";
		};
		51DF560B17F7369C00492CE9 /* MobileSubstrate */ = {
			isa = PBXGroup;
			children = (
				51DF560C17F7369C00492CE9 /* DynamicLibraries */,
			);
			name = MobileSubstrate;
			sourceTree = "<group>";
		};
		51DF560C17F7369C00492CE9 /* DynamicLibraries */ = {
			isa = PBXGroup;
			children = (
				51DF560D17F7369C00492CE9 /* jailb.plist */,
			);
			name = DynamicLibraries;
			sourceTree = "<group>";
		};
/* End PBXGroup section */

/* Begin PBXHeadersBuildPhase section */
		51DF55F817F7369C00492CE9 /* Headers */ = {
			isa = PBXHeadersBuildPhase;
			buildActionMask = 2147483647;
			files = (
			);
			runOnlyForDeploymentPostprocessing = 0;
		};
/* End PBXHeadersBuildPhase section */

/* Begin PBXNativeTarget section */
		51DF55FA17F7369C00492CE9 /* jailb */ = {
			isa = PBXNativeTarget;
			buildConfigurationList = 51DF561017F7369C00492CE9 /* Build configuration list for PBXNativeTarget "jailb" */;
			buildPhases = (
				51DF55F617F7369C00492CE9 /* Sources */,
				51DF55F717F7369C00492CE9 /* Frameworks */,
				51DF55F817F7369C00492CE9 /* Headers */,
				51DF55F917F7369C00492CE9 /* ShellScript */,
			);
			buildRules = (
			);
			dependencies = (
			);
			name = jailb;
			productName = jailb;
			productReference = 51DF55FB17F7369C00492CE9 /* jailb.dylib */;
			productType = "com.apple.product-type.library.dynamic";
		};
/* End PBXNativeTarget section */

/* Begin PBXProject section */
		51DF55F217F7369C00492CE9 /* Project object */ = {
			isa = PBXProject;
			attributes = {
				LastUpgradeCheck = 0460;
			};
			buildConfigurationList = 51DF55F517F7369C00492CE9 /* Build configuration list for PBXProject "jailb" */;
			compatibilityVersion = "Xcode 3.2";
			developmentRegion = English;
			hasScannedForEncodings = 0;
			knownRegions = (
				en,
			);
			mainGroup = 51DF55F117F7369C00492CE9;
			productRefGroup = 51DF55FC17F7369C00492CE9 /* Products */;
			projectDirPath = "";
			projectRoot = "";
			targets = (
				51DF55FA17F7369C00492CE9 /* jailb */,
			);
		};
/* End PBXProject section */

/* Begin PBXShellScriptBuildPhase section */
		51DF55F917F7369C00492CE9 /* ShellScript */ = {
			isa = PBXShellScriptBuildPhase;
			buildActionMask = 2147483647;
			files = (
			);
			inputPaths = (
			);
			outputPaths = (
			);
			runOnlyForDeploymentPostprocessing = 0;
			shellPath = /bin/sh;
			shellScript = "/opt/iOSOpenDev/bin/iosod --xcbp";
		};
/* End PBXShellScriptBuildPhase section */

/* Begin PBXSourcesBuildPhase section */
		51DF55F617F7369C00492CE9 /* Sources */ = {
			isa = PBXSourcesBuildPhase;
			buildActionMask = 2147483647;
			files = (
				51DF560917F7369C00492CE9 /* jailb.mm in Sources */,
			);
			runOnlyForDeploymentPostprocessing = 0;
		};
/* End PBXSourcesBuildPhase section */

/* Begin XCBuildConfiguration section */
		51DF560E17F7369C00492CE9 /* Debug */ = {
			isa = XCBuildConfiguration;
			buildSettings = {
				CLANG_ENABLE_OBJC_ARC = YES;
				COPY_PHASE_STRIP = NO;
				EXCLUDED_RECURSIVE_SEARCH_PATH_SUBDIRECTORIES = "*.nib *.lproj *.gch (*) .DS_Store CVS .svn .git .hg *.xcodeproj *.xcode *.pbproj *.pbxproj";
				FRAMEWORK_SEARCH_PATHS = (
					"$(iOSOpenDevPath)/frameworks/**",
					"$(SDKROOT)/System/Library/PrivateFrameworks",
				);
				GCC_C_LANGUAGE_STANDARD = gnu99;
				GCC_DYNAMIC_NO_PIC = NO;
				GCC_OPTIMIZATION_LEVEL = 0;
				GCC_PREPROCESSOR_DEFINITIONS = (
					"DEBUG=1",
					"$(inherited)",
				);
				GCC_SYMBOLS_PRIVATE_EXTERN = NO;
				GCC_WARN_ABOUT_MISSING_PROTOTYPES = YES;
				GCC_WARN_ABOUT_RETURN_TYPE = YES;
				GCC_WARN_UNUSED_VARIABLE = YES;
				HEADER_SEARCH_PATHS = "$(iOSOpenDevPath)/include/**";
				IPHONEOS_DEPLOYMENT_TARGET = 6.1;
				LIBRARY_SEARCH_PATHS = "$(iOSOpenDevPath)/lib/**";
				ONLY_ACTIVE_ARCH = YES;
				SDKROOT = iphoneos;
				TARGETED_DEVICE_FAMILY = "1,2";
				VALIDATE_PRODUCT = NO;
				iOSOpenDevPath = /opt/iOSOpenDev;
			};
			name = Debug;
		};
		51DF560F17F7369C00492CE9 /* Release */ = {
			isa = XCBuildConfiguration;
			buildSettings = {
				CLANG_ENABLE_OBJC_ARC = YES;
				COPY_PHASE_STRIP = YES;
				EXCLUDED_RECURSIVE_SEARCH_PATH_SUBDIRECTORIES = "*.nib *.lproj *.gch (*) .DS_Store CVS .svn .git .hg *.xcodeproj *.xcode *.pbproj *.pbxproj";
				FRAMEWORK_SEARCH_PATHS = (
					"$(iOSOpenDevPath)/frameworks/**",
					"$(SDKROOT)/System/Library/PrivateFrameworks",
				);
				GCC_C_LANGUAGE_STANDARD = gnu99;
				GCC_WARN_ABOUT_MISSING_PROTOTYPES = YES;
				GCC_WARN_ABOUT_RETURN_TYPE = YES;
				GCC_WARN_UNUSED_VARIABLE = YES;
				HEADER_SEARCH_PATHS = "$(iOSOpenDevPath)/include/**";
				IPHONEOS_DEPLOYMENT_TARGET = 6.1;
				LIBRARY_SEARCH_PATHS = "$(iOSOpenDevPath)/lib/**";
				SDKROOT = iphoneos;
				TARGETED_DEVICE_FAMILY = "1,2";
				VALIDATE_PRODUCT = YES;
				iOSOpenDevPath = /opt/iOSOpenDev;
			};
			name = Release;
		};
		51DF561117F7369C00492CE9 /* Debug */ = {
			isa = XCBuildConfiguration;
			buildSettings = {
				CODE_SIGN_IDENTITY = "";
				DYLIB_COMPATIBILITY_VERSION = 1;
				DYLIB_CURRENT_VERSION = 1;
				GCC_PRECOMPILE_PREFIX_HEADER = YES;
				GCC_PREFIX_HEADER = "jailb/jailb-Prefix.pch";
				INSTALL_PATH = /Library/MobileSubstrate/DynamicLibraries;
				PRODUCT_NAME = "$(TARGET_NAME)";
				iOSOpenDevBuildPackageOnAnyBuild = NO;
				iOSOpenDevCopyOnBuild = NO;
				iOSOpenDevDevice = "";
				iOSOpenDevInstallOnAnyBuild = NO;
				iOSOpenDevInstallOnProfiling = YES;
				iOSOpenDevRespringOnInstall = YES;
				iOSOpenDevUsePackageVersionPList = YES;
			};
			name = Debug;
		};
		51DF561217F7369C00492CE9 /* Release */ = {
			isa = XCBuildConfiguration;
			buildSettings = {
				CODE_SIGN_IDENTITY = "";
				DYLIB_COMPATIBILITY_VERSION = 1;
				DYLIB_CURRENT_VERSION = 1;
				GCC_PRECOMPILE_PREFIX_HEADER = YES;
				GCC_PREFIX_HEADER = "jailb/jailb-Prefix.pch";
				INSTALL_PATH = /Library/MobileSubstrate/DynamicLibraries;
				PRODUCT_NAME = "$(TARGET_NAME)";
				iOSOpenDevBuildPackageOnAnyBuild = NO;
				iOSOpenDevCopyOnBuild = NO;
				iOSOpenDevDevice = "";
				iOSOpenDevInstallOnAnyBuild = NO;
				iOSOpenDevInstallOnProfiling = YES;
				iOSOpenDevRespringOnInstall = YES;
				iOSOpenDevUsePackageVersionPList = YES;
			};
			name = Release;
		};
/* End XCBuildConfiguration section */

/* Begin XCConfigurationList section */
		51DF55F517F7369C00492CE9 /* Build configuration list for PBXProject "jailb" */ = {
			isa = XCConfigurationList;
			buildConfigurations = (
				51DF560E17F7369C00492CE9 /* Debug */,
				51DF560F17F7369C00492CE9 /* Release */,
			);
			defaultConfigurationIsVisible = 0;
			defaultConfigurationName = Release;
		};
		51DF561017F7369C00492CE9 /* Build configuration list for PBXNativeTarget "jailb" */ = {
			isa = XCConfigurationList;
			buildConfigurations = (
				51DF561117F7369C00492CE9 /* Debug */,
				51DF561217F7369C00492CE9 /* Release */,
			);
			defaultConfigurationIsVisible = 0;
		};
/* End XCConfigurationList section */
	};
	rootObject = 51DF55F217F7369C00492CE9 /* Project object */;
}
